
Microsoft Visual Studio Solution File, Format Version 12.00
# Visual Studio Version 16
VisualStudioVersion = 16.0.28917.181
MinimumVisualStudioVersion = 10.0.40219.1
Project("{9A19103F-16F7-4668-BE54-9A1E7A4F7556}") = "Common", "Common\Common.csproj", "{250D8254-81E7-47D1-BD03-E75E35E68798}"
EndProject
Project("{9A19103F-16F7-4668-BE54-9A1E7A4F7556}") = "ServerAdministration.SQLServer", "ServerAdministration.SQLServer\ServerAdministration.SQLServer.csproj", "{E874F30D-997E-4F78-85AE-F95501216DB9}"
EndProject
Project("{9A19103F-16F7-4668-BE54-9A1E7A4F7556}") = "ServerAdministration.IISServer", "ServerAdministration.IISServer\ServerAdministration.IISServer.csproj", "{317CF22E-8BF5-4461-B110-D87317225A5F}"
EndProject
Project("{FAE04EC0-301F-11D3-BF4B-00C04F79EFBC}") = "ServerAdministration.Server.Slave", "ServerAdministration.Server.Slave\ServerAdministration.Server.Slave.csproj", "{B1C64642-DDBB-436E-8E69-62169A30B5F5}"
EndProject
Project("{2150E333-8FDC-42A3-9474-1A3956D46DE8}") = "ServerAdministration.Server", "ServerAdministration.Server", "{406604AC-D0DB-41E6-9236-E61FC8C2126C}"
EndProject
Project("{FAE04EC0-301F-11D3-BF4B-00C04F79EFBC}") = "ServerAdministration.Server.Master", "ServerAdministration.Server.Master\ServerAdministration.Server.Master.csproj", "{7E3E3BB5-7111-4ADF-9083-88F3E9C8C46D}"
EndProject
Project("{FAE04EC0-301F-11D3-BF4B-00C04F79EFBC}") = "ServerAdministration.Server.Entities", "ServerAdministration.Server.Entities\ServerAdministration.Server.Entities.csproj", "{376FFA5A-7916-427D-AF11-8B8187A2405E}"
EndProject
Project("{FAE04EC0-301F-11D3-BF4B-00C04F79EFBC}") = "ServerAdministration.Server.DataAccess", "ServerAdministration.Server.DataAccess\ServerAdministration.Server.DataAccess.csproj", "{BF62E461-9C9D-4B94-AF4C-45DC19E356C8}"
EndProject
Global
	GlobalSection(SolutionConfigurationPlatforms) = preSolution
		Debug|Any CPU = Debug|Any CPU
		Release|Any CPU = Release|Any CPU
	EndGlobalSection
	GlobalSection(ProjectConfigurationPlatforms) = postSolution
		{250D8254-81E7-47D1-BD03-E75E35E68798}.Debug|Any CPU.ActiveCfg = Debug|Any CPU
		{250D8254-81E7-47D1-BD03-E75E35E68798}.Debug|Any CPU.Build.0 = Debug|Any CPU
		{250D8254-81E7-47D1-BD03-E75E35E68798}.Release|Any CPU.ActiveCfg = Release|Any CPU
		{250D8254-81E7-47D1-BD03-E75E35E68798}.Release|Any CPU.Build.0 = Release|Any CPU
		{E874F30D-997E-4F78-85AE-F95501216DB9}.Debug|Any CPU.ActiveCfg = Debug|Any CPU
		{E874F30D-997E-4F78-85AE-F95501216DB9}.Debug|Any CPU.Build.0 = Debug|Any CPU
		{E874F30D-997E-4F78-85AE-F95501216DB9}.Release|Any CPU.ActiveCfg = Release|Any CPU
		{E874F30D-997E-4F78-85AE-F95501216DB9}.Release|Any CPU.Build.0 = Release|Any CPU
		{317CF22E-8BF5-4461-B110-D87317225A5F}.Debug|Any CPU.ActiveCfg = Debug|Any CPU
		{317CF22E-8BF5-4461-B110-D87317225A5F}.Debug|Any CPU.Build.0 = Debug|Any CPU
		{317CF22E-8BF5-4461-B110-D87317225A5F}.Release|Any CPU.ActiveCfg = Release|Any CPU
		{317CF22E-8BF5-4461-B110-D87317225A5F}.Release|Any CPU.Build.0 = Release|Any CPU
		{B1C64642-DDBB-436E-8E69-62169A30B5F5}.Debug|Any CPU.ActiveCfg = Debug|Any CPU
		{B1C64642-DDBB-436E-8E69-62169A30B5F5}.Debug|Any CPU.Build.0 = Debug|Any CPU
		{B1C64642-DDBB-436E-8E69-62169A30B5F5}.Release|Any CPU.ActiveCfg = Release|Any CPU
		{B1C64642-DDBB-436E-8E69-62169A30B5F5}.Release|Any CPU.Build.0 = Release|Any CPU
		{7E3E3BB5-7111-4ADF-9083-88F3E9C8C46D}.Debug|Any CPU.ActiveCfg = Debug|Any CPU
		{7E3E3BB5-7111-4ADF-9083-88F3E9C8C46D}.Debug|Any CPU.Build.0 = Debug|Any CPU
		{7E3E3BB5-7111-4ADF-9083-88F3E9C8C46D}.Release|Any CPU.ActiveCfg = Release|Any CPU
		{7E3E3BB5-7111-4ADF-9083-88F3E9C8C46D}.Release|Any CPU.Build.0 = Release|Any CPU
		{376FFA5A-7916-427D-AF11-8B8187A2405E}.Debug|Any CPU.ActiveCfg = Debug|Any CPU
		{376FFA5A-7916-427D-AF11-8B8187A2405E}.Debug|Any CPU.Build.0 = Debug|Any CPU
		{376FFA5A-7916-427D-AF11-8B8187A2405E}.Release|Any CPU.ActiveCfg = Release|Any CPU
		{376FFA5A-7916-427D-AF11-8B8187A2405E}.Release|Any CPU.Build.0 = Release|Any CPU
		{BF62E461-9C9D-4B94-AF4C-45DC19E356C8}.Debug|Any CPU.ActiveCfg = Debug|Any CPU
		{BF62E461-9C9D-4B94-AF4C-45DC19E356C8}.Debug|Any CPU.Build.0 = Debug|Any CPU
		{BF62E461-9C9D-4B94-AF4C-45DC19E356C8}.Release|Any CPU.ActiveCfg = Release|Any CPU
		{BF62E461-9C9D-4B94-AF4C-45DC19E356C8}.Release|Any CPU.Build.0 = Release|Any CPU
	EndGlobalSection
	GlobalSection(SolutionProperties) = preSolution
		HideSolutionNode = FALSE
	EndGlobalSection
	GlobalSection(NestedProjects) = preSolution
		{B1C64642-DDBB-436E-8E69-62169A30B5F5} = {406604AC-D0DB-41E6-9236-E61FC8C2126C}
		{7E3E3BB5-7111-4ADF-9083-88F3E9C8C46D} = {406604AC-D0DB-41E6-9236-E61FC8C2126C}
		{376FFA5A-7916-427D-AF11-8B8187A2405E} = {406604AC-D0DB-41E6-9236-E61FC8C2126C}
		{BF62E461-9C9D-4B94-AF4C-45DC19E356C8} = {406604AC-D0DB-41E6-9236-E61FC8C2126C}
	EndGlobalSection
	GlobalSection(ExtensibilityGlobals) = postSolution
		SolutionGuid = {1A1AAAD1-EEF4-4686-8CB9-F29341B6EED0}
	EndGlobalSection
EndGlobal
